
Microsoft Visual Studio Solution File, Format Version 12.00
# Visual Studio 15
VisualStudioVersion = 15.0.27130.2010
MinimumVisualStudioVersion = 10.0.40219.1
Project("{FAE04EC0-301F-11D3-BF4B-00C04F79EFBC}") = "Models", "Models\Models.csproj", "{06189C1B-A8C8-49C8-BA46-930FDBCCE4EE}"
EndProject
Global
	GlobalSection(SolutionConfigurationPlatforms) = preSolution
		Debug|Any CPU = Debug|Any CPU
		Release|Any CPU = Release|Any CPU
	EndGlobalSection
	GlobalSection(ProjectConfigurationPlatforms) = postSolution
		{06189C1B-A8C8-49C8-BA46-930FDBCCE4EE}.Debug|Any CPU.ActiveCfg = Debug|Any CPU
		{06189C1B-A8C8-49C8-BA46-930FDBCCE4EE}.Debug|Any CPU.Build.0 = Debug|Any CPU
		{06189C1B-A8C8-49C8-BA46-930FDBCCE4EE}.Release|Any CPU.ActiveCfg = Release|Any CPU
		{06189C1B-A8C8-49C8-BA46-930FDBCCE4EE}.Release|Any CPU.Build.0 = Release|Any CPU
	EndGlobalSection
	GlobalSection(SolutionProperties) = preSolution
		HideSolutionNode = FALSE
	EndGlobalSection
	GlobalSection(ExtensibilityGlobals) = postSolution
		SolutionGuid = {4DF37D81-9D0F-4017-AD3D-08F94DBBCEBE}
	EndGlobalSection
EndGlobal
